github.com/asticode/go-astiav v0.30.0 h1:GknLdn79ZuVrhvsrMfPP0t1x3EpQcwq/lL9+a2Wj/64=
github.com/asticode/go-astiav v0.30.0/go.mod h1:K7D8UC6GeQt85FUxk2KVwYxHnotrxuEnp5evkkudc2s=
github.com/asticode/go-astikit v0.51.1 h1:vNY3Ct9mUeR/MQnL8U9MJvBjAuwpFTljTolCPQlvlv8=
github.com/asticode/go-astikit v0.51.1/go.mod h1:h4ly7idim1tNhaVkdVBeXQZEE3L0xblP7fCWbgwipF0=
github.com/davecgh/go-spew v1.1.0/go.mod h1:J7Y8YcW2NihsgmVo/mv3lAwl/skON4iLHjSsI+c5H38=
github.com/davecgh/go-spew v1.1.1/go.mod h1:J7Y8YcW2NihsgmVo/mv3lAwl/skON4iLHjSsI+c5H38=
github.com/davecgh/go-spew v1.1.2-0.20180830191138-d8f796af33cc h1:U9qPSI2PIWSS1VwoXQT9A3Wy9MM3WgvqSxFWenqJduM=
github.com/davecgh/go-spew v1.1.2-0.20180830191138-d8f796af33cc/go.mod h1:J7Y8YcW2NihsgmVo/mv3lAwl/skON4iLHjSsI+c5H38=
github.com/facebookincubator/go-belt v0.0.0-20240804203001-846c4409d41c h1:OLoKEdiDjc+r1xT1WVD+Tt1k+uGVZtSHXF+t3mo05Jg=
github.com/facebookincubator/go-belt v0.0.0-20240804203001-846c4409d41c/go.mod h1:BLkOQHXT14GLgKvM22LB/fDcq1stjijrTOJQEk3xrUA=
github.com/go-ng/slices v0.0.0-20230703171042-6195d35636a2 h1:UkoycH6lT7QfBw3LqHLe6GdFRhxScvVaI7A5oiAjy5s=
github.com/go-ng/slices v0.0.0-20230703171042-6195d35636a2/go.mod h1:bVEceuoz83G4yjq9Os7lCYe+lf46uY8EFEHkxSCywvM=
github.com/go-ng/sort v0.0.0-20220617173827-2cc7cd04f7c7 h1:Ng6QMSlQSB+goG6430/Fp7O4YO2BJZXZJaldtg+7kEc=
github.com/go-ng/sort v0.0.0-20220617173827-2cc7cd04f7c7/go.mod h1:QUXmOopthsqLYJ+rAybuCf16J7qQm60TLVdQR0w1Nus=
github.com/go-ng/xatomic v0.0.0-20230519181013-85c0ec87e55f h1:lifmuIc/S/hzVoStbEAsdryJ6qBSNeXXb9NseP0vlfs=
github.com/go-ng/xatomic v0.0.0-20230519181013-85c0ec87e55f/go.mod h1:+3P6aQ4zDVR6jGPnXq3g/7kHnKLB73EsnGBhM0adWhA=
github.com/go-ng/xsort v0.0.0-20220617174223-1d146907bccc h1:VNz633GRJx2/hL0SpBNoNlLid4xtyi7LSJP1kHpD2Fo=
github.com/go-ng/xsort v0.0.0-20220617174223-1d146907bccc/go.mod h1:Pz/V4pxeXP0hjBlXIrm2ehR0GJ0l4Bon3fsOl6TmoJs=
github.com/google/uuid v1.6.0 h1:NIvaJDMOsjHA8n1jAhLSgzrAzy1Hgr+hNrb57e+94F0=
github.com/google/uuid v1.6.0/go.mod h1:TIyPZe4MgqvfeYDBFedMoGGpEw/LqOeaOT+nhxU+yHo=
github.com/iancoleman/strcase v0.3.0 h1:nTXanmYxhfFAMjZL34Ov6gkzEsSJZ5DbhxWjvSASxEI=
github.com/iancoleman/strcase v0.3.0/go.mod h1:iwCmte+B7n89clKwxIoIXy/HfoL7AsD47ZCWhYzw7ho=
github.com/pmezard/go-difflib v1.0.0/go.mod h1:iKH77koFhYxTK1pcRnkKkqfTogsbg7gZNVY4sRDYZ/4=
github.com/pmezard/go-difflib v1.0.1-0.20181226105442-5d4384ee4fb2 h1:Jamvg5psRIccs7FGNTlIRMkT8wgtp5eCXdBlqhYGL6U=
github.com/pmezard/go-difflib v1.0.1-0.20181226105442-5d4384ee4fb2/go.mod h1:iKH77koFhYxTK1pcRnkKkqfTogsbg7gZNVY4sRDYZ/4=
github.com/sirupsen/logrus v1.9.3 h1:dueUQJ1C2q9oE3F7wvmSGAaVtTmUizReu6fjN8uqzbQ=
github.com/sirupsen/logrus v1.9.3/go.mod h1:naHLuLoDiP4jHNo9R0sCBMtWGeIprob74mVsIT4qYEQ=
github.com/stretchr/objx v0.1.0/go.mod h1:HFkY916IF+rwdDfMAkV7OtwuqBVzrE8GR6GFx+wExME=
github.com/stretchr/testify v1.7.0/go.mod h1:6Fq8oRcR53rry900zMqJjRRixrwX3KX962/h/Wwjteg=
github.com/stretchr/testify v1.10.0 h1:Xv5erBjTwe/5IxqUQTdXv5kgmIvbHo3QQyRwhJsOfJA=
github.com/stretchr/testify v1.10.0/go.mod h1:r2ic/lqez/lEtzL7wO/rwa5dbSLXVDPFyf8C91i36aY=
github.com/xaionaro-go/unsafetools v0.0.0-20241024014258-a46e1ce3763e h1:FV+/FVPYOncsNNqtlMvqRDrsQznArX0lO0PkFifixDs=
github.com/xaionaro-go/unsafetools v0.0.0-20241024014258-a46e1ce3763e/go.mod h1:ERewyGVM0zYnWA9nxdHPIC3xc9Yrf5CgAnBITuP3FRE=
golang.org/x/exp v0.0.0-20240823005443-9b4947da3948 h1:kx6Ds3MlpiUHKj7syVnbp57++8WpuKPcR5yjLBjvLEA=
golang.org/x/exp v0.0.0-20240823005443-9b4947da3948/go.mod h1:akd2r19cwCdwSwWeIdzYQGa/EZZyqcOdwWiwj5L5eKQ=
golang.org/x/sys v0.0.0-20220715151400-c0bba94af5f8/go.mod h1:oPkhp1MJrh7nUepCBck5+mAzfO9JrbApNNgaTdGDITg=
golang.org/x/sys v0.29.0 h1:TPYlXGxvx1MGTn2GiZDhnjPA9wZzZeGKHHmKhHYvgaU=
golang.org/x/sys v0.29.0/go.mod h1:/VUhepiaJMQUp4+oa/7Zr1D23ma6VTLIYjOOTFZPUcA=
gopkg.in/check.v1 v0.0.0-20161208181325-20d25e280405/go.mod h1:Co6ibVJAznAaIkqp8huTwlJQCZ016jof/cbN4VW5Yz0=
gopkg.in/yaml.v3 v3.0.0-20200313102051-9f266ea9e77c/go.mod h1:K4uyk7z7BCEPqu6E+C64Yfv1cQ7kz7rIZviUmN+EgEM=
gopkg.in/yaml.v3 v3.0.1 h1:fxVm/GzAzEWqLHuvctI91KS9hhNmmWOoWu0XTYJS7CA=
gopkg.in/yaml.v3 v3.0.1/go.mod h1:K4uyk7z7BCEPqu6E+C64Yfv1cQ7kz7rIZviUmN+EgEM=
